
Microsoft Visual Studio Solution File, Format Version 12.00
# Visual Studio 15
Project("{FAE04EC0-301F-11D3-BF4B-00C04F79EFBC}") = "Assembly-CSharp", "Assembly-CSharp.csproj", "{4021EF47-31C4-679E-6696-7EE6F52DD871}"
EndProject
Project("{FAE04EC0-301F-11D3-BF4B-00C04F79EFBC}") = "Assembly-CSharp-Editor", "Assembly-CSharp-Editor.csproj", "{EDFC84C9-9564-6FE5-2E23-563AB218B92A}"
EndProject
Global
	GlobalSection(SolutionConfigurationPlatforms) = preSolution
		Debug|Any CPU = Debug|Any CPU
		Release|Any CPU = Release|Any CPU
	EndGlobalSection
	GlobalSection(ProjectConfigurationPlatforms) = postSolution
		{4021EF47-31C4-679E-6696-7EE6F52DD871}.Debug|Any CPU.ActiveCfg = Debug|Any CPU
		{4021EF47-31C4-679E-6696-7EE6F52DD871}.Debug|Any CPU.Build.0 = Debug|Any CPU
		{4021EF47-31C4-679E-6696-7EE6F52DD871}.Release|Any CPU.ActiveCfg = Release|Any CPU
		{4021EF47-31C4-679E-6696-7EE6F52DD871}.Release|Any CPU.Build.0 = Release|Any CPU
		{EDFC84C9-9564-6FE5-2E23-563AB218B92A}.Debug|Any CPU.ActiveCfg = Debug|Any CPU
		{EDFC84C9-9564-6FE5-2E23-563AB218B92A}.Debug|Any CPU.Build.0 = Debug|Any CPU
		{EDFC84C9-9564-6FE5-2E23-563AB218B92A}.Release|Any CPU.ActiveCfg = Release|Any CPU
		{EDFC84C9-9564-6FE5-2E23-563AB218B92A}.Release|Any CPU.Build.0 = Release|Any CPU
	EndGlobalSection
	GlobalSection(SolutionProperties) = preSolution
		HideSolutionNode = FALSE
	EndGlobalSection
EndGlobal
